Microsoft Visual Studio Solution File, Format Version 12.00
# Visual Studio 2012
Project("{FAE04EC0-301F-11D3-BF4B-00C04F79EFBC}") = "TowerPuzzel", "TowerPuzzel.csproj", "{DC5533D7-2EB0-4B32-BAE2-82C1C94F3599}"
EndProject
Global
	GlobalSection(SolutionConfigurationPlatforms) = preSolution
	Debug|Any CPU = Debug|Any CPU
	ExportDebug|Any CPU = ExportDebug|Any CPU
	ExportRelease|Any CPU = ExportRelease|Any CPU
	EndGlobalSection
	GlobalSection(ProjectConfigurationPlatforms) = postSolution
		{DC5533D7-2EB0-4B32-BAE2-82C1C94F3599}.Debug|Any CPU.ActiveCfg = Debug|Any CPU
		{DC5533D7-2EB0-4B32-BAE2-82C1C94F3599}.Debug|Any CPU.Build.0 = Debug|Any CPU
		{DC5533D7-2EB0-4B32-BAE2-82C1C94F3599}.ExportDebug|Any CPU.ActiveCfg = ExportDebug|Any CPU
		{DC5533D7-2EB0-4B32-BAE2-82C1C94F3599}.ExportDebug|Any CPU.Build.0 = ExportDebug|Any CPU
		{DC5533D7-2EB0-4B32-BAE2-82C1C94F3599}.ExportRelease|Any CPU.ActiveCfg = ExportRelease|Any CPU
		{DC5533D7-2EB0-4B32-BAE2-82C1C94F3599}.ExportRelease|Any CPU.Build.0 = ExportRelease|Any CPU
	EndGlobalSection
EndGlobal
